
Microsoft Visual Studio Solution File, Format Version 12.00
# Visual Studio Version 17
VisualStudioVersion = 17.4.33213.308
MinimumVisualStudioVersion = 10.0.40219.1
Project("{FAE04EC0-301F-11D3-BF4B-00C04F79EFBC}") = "Stack_a2a", "Stack_a2a\Stack_a2a.csproj", "{C91E1688-8602-4509-BE1F-A41D318498F6}"
EndProject
Global
	GlobalSection(SolutionConfigurationPlatforms) = preSolution
		Debug|Any CPU = Debug|Any CPU
		Release|Any CPU = Release|Any CPU
	EndGlobalSection
	GlobalSection(ProjectConfigurationPlatforms) = postSolution
		{C91E1688-8602-4509-BE1F-A41D318498F6}.Debug|Any CPU.ActiveCfg = Debug|Any CPU
		{C91E1688-8602-4509-BE1F-A41D318498F6}.Debug|Any CPU.Build.0 = Debug|Any CPU
		{C91E1688-8602-4509-BE1F-A41D318498F6}.Release|Any CPU.ActiveCfg = Release|Any CPU
		{C91E1688-8602-4509-BE1F-A41D318498F6}.Release|Any CPU.Build.0 = Release|Any CPU
	EndGlobalSection
	GlobalSection(SolutionProperties) = preSolution
		HideSolutionNode = FALSE
	EndGlobalSection
	GlobalSection(ExtensibilityGlobals) = postSolution
		SolutionGuid = {6BC1D2D3-AED7-4D6B-8D8D-F7F60294FD74}
	EndGlobalSection
EndGlobal
